// !$*UTF8*$!
{
	archiveVersion = 1;
	classes = {
	};
	objectVersion = 46;
	objects = {

/* Begin PBXBuildFile section */
		45FD2415084C4968B29CA7A0 /* libPods.a in Frameworks */ = {isa = PBXBuildFile; fileRef = 621296E559E3451FA224BD3A /* libPods.a */; };
		BF1E23C61972F6E300E05731 /* main.m in Sources */ = {isa = PBXBuildFile; fileRef = BF1E23C51972F6E300E05731 /* main.m */; };
		BF1E23C91972F6E300E05731 /* AppDelegate.m in Sources */ = {isa = PBXBuildFile; fileRef = BF1E23C81972F6E300E05731 /* AppDelegate.m */; };
		BF1E23D21972F6E300E05731 /* Main.storyboard in Resources */ = {isa = PBXBuildFile; fileRef = BF1E23D01972F6E300E05731 /* Main.storyboard */; };
		BF1E23D41972F6E300E05731 /* Images.xcassets in Resources */ = {isa = PBXBuildFile; fileRef = BF1E23D31972F6E300E05731 /* Images.xcassets */; };
		BF1E23E01972F6E300E05731 /* RandomUserTests.m in Sources */ = {isa = PBXBuildFile; fileRef = BF1E23DF1972F6E300E05731 /* RandomUserTests.m */; };
		BF6B161C1972FA9D0056EE5B /* UserDetailViewController.m in Sources */ = {isa = PBXBuildFile; fileRef = BF6B16191972FA9D0056EE5B /* UserDetailViewController.m */; };
		BF6B161D1972FA9D0056EE5B /* UserListViewController.m in Sources */ = {isa = PBXBuildFile; fileRef = BF6B161B1972FA9D0056EE5B /* UserListViewController.m */; };
		BF6B16231972FF7E0056EE5B /* CoreDataFetcher.m in Sources */ = {isa = PBXBuildFile; fileRef = BF6B16201972FF7E0056EE5B /* CoreDataFetcher.m */; };
		BF6B16241972FF7E0056EE5B /* CoreDataHelper.m in Sources */ = {isa = PBXBuildFile; fileRef = BF6B16221972FF7E0056EE5B /* CoreDataHelper.m */; };
/* End PBXBuildFile section */

/* Begin PBXContainerItemProxy section */
		BF1E23DA1972F6E300E05731 /* PBXContainerItemProxy */ = {
			isa = PBXContainerItemProxy;
			containerPortal = BF1E23B81972F6E300E05731 /* Project object */;
			proxyType = 1;
			remoteGlobalIDString = BF1E23BF1972F6E300E05731;
			remoteInfo = RandomUser;
		};
/* End PBXContainerItemProxy section */

/* Begin PBXFileReference section */
		621296E559E3451FA224BD3A /* libPods.a */ = {isa = PBXFileReference; explicitFileType = archive.ar; includeInIndex = 0; path = libPods.a; sourceTree = BUILT_PRODUCTS_DIR; };
		9CF0E007A6B446C2AB0CB2D4 /* Pods.xcconfig */ = {isa = PBXFileReference; includeInIndex = 1; lastKnownFileType = text.xcconfig; name = Pods.xcconfig; path = Pods/Pods.xcconfig; sourceTree = "<group>"; };
		BF1E23C01972F6E300E05731 /* RandomUser.app */ = {isa = PBXFileReference; explicitFileType = wrapper.application; includeInIndex = 0; path = RandomUser.app; sourceTree = BUILT_PRODUCTS_DIR; };
		BF1E23C41972F6E300E05731 /* Info.plist */ = {isa = PBXFileReference; lastKnownFileType = text.plist.xml; path = Info.plist; sourceTree = "<group>"; };
		BF1E23C51972F6E300E05731 /* main.m */ = {isa = PBXFileReference; lastKnownFileType = sourcecode.c.objc; path = main.m; sourceTree = "<group>"; };
		BF1E23C71972F6E300E05731 /* AppDelegate.h */ = {isa = PBXFileReference; lastKnownFileType = sourcecode.c.h; path = AppDelegate.h; sourceTree = "<group>"; };
		BF1E23C81972F6E300E05731 /* AppDelegate.m */ = {isa = PBXFileReference; lastKnownFileType = sourcecode.c.objc; path = AppDelegate.m; sourceTree = "<group>"; };
		BF1E23D11972F6E300E05731 /* Base */ = {isa = PBXFileReference; lastKnownFileType = file.storyboard; name = Base; path = Base.lproj/Main.storyboard; sourceTree = "<group>"; };
		BF1E23D31972F6E300E05731 /* Images.xcassets */ = {isa = PBXFileReference; lastKnownFileType = folder.assetcatalog; path = Images.xcassets; sourceTree = "<group>"; };
		BF1E23D91972F6E300E05731 /* RandomUserTests.xctest */ = {isa = PBXFileReference; explicitFileType = wrapper.cfbundle; includeInIndex = 0; path = RandomUserTests.xctest; sourceTree = BUILT_PRODUCTS_DIR; };
		BF1E23DE1972F6E300E05731 /* Info.plist */ = {isa = PBXFileReference; lastKnownFileType = text.plist.xml; path = Info.plist; sourceTree = "<group>"; };
		BF1E23DF1972F6E300E05731 /* RandomUserTests.m */ = {isa = PBXFileReference; lastKnownFileType = sourcecode.c.objc; path = RandomUserTests.m; sourceTree = "<group>"; };
		BF6B16181972FA9D0056EE5B /* UserDetailViewController.h */ = {isa = PBXFileReference; fileEncoding = 4; lastKnownFileType = sourcecode.c.h; path = UserDetailViewController.h; sourceTree = "<group>"; };
		BF6B16191972FA9D0056EE5B /* UserDetailViewController.m */ = {isa = PBXFileReference; fileEncoding = 4; lastKnownFileType = sourcecode.c.objc; path = UserDetailViewController.m; sourceTree = "<group>"; };
		BF6B161A1972FA9D0056EE5B /* UserListViewController.h */ = {isa = PBXFileReference; fileEncoding = 4; lastKnownFileType = sourcecode.c.h; path = UserListViewController.h; sourceTree = "<group>"; };
		BF6B161B1972FA9D0056EE5B /* UserListViewController.m */ = {isa = PBXFileReference; fileEncoding = 4; lastKnownFileType = sourcecode.c.objc; path = UserListViewController.m; sourceTree = "<group>"; };
		BF6B161F1972FF7E0056EE5B /* CoreDataFetcher.h */ = {isa = PBXFileReference; fileEncoding = 4; lastKnownFileType = sourcecode.c.h; path = CoreDataFetcher.h; sourceTree = "<group>"; };
		BF6B16201972FF7E0056EE5B /* CoreDataFetcher.m */ = {isa = PBXFileReference; fileEncoding = 4; lastKnownFileType = sourcecode.c.objc; path = CoreDataFetcher.m; sourceTree = "<group>"; };
		BF6B16211972FF7E0056EE5B /* CoreDataHelper.h */ = {isa = PBXFileReference; fileEncoding = 4; lastKnownFileType = sourcecode.c.h; path = CoreDataHelper.h; sourceTree = "<group>"; };
		BF6B16221972FF7E0056EE5B /* CoreDataHelper.m */ = {isa = PBXFileReference; fileEncoding = 4; lastKnownFileType = sourcecode.c.objc; path = CoreDataHelper.m; sourceTree = "<group>"; };
/* End PBXFileReference section */

/* Begin PBXFrameworksBuildPhase section */
		BF1E23BD1972F6E300E05731 /* Frameworks */ = {
			isa = PBXFrameworksBuildPhase;
			buildActionMask = 2147483647;
			files = (
				45FD2415084C4968B29CA7A0 /* libPods.a in Frameworks */,
			);
			runOnlyForDeploymentPostprocessing = 0;
		};
		BF1E23D61972F6E300E05731 /* Frameworks */ = {
			isa = PBXFrameworksBuildPhase;
			buildActionMask = 2147483647;
			files = (
			);
			runOnlyForDeploymentPostprocessing = 0;
		};
/* End PBXFrameworksBuildPhase section */

/* Begin PBXGroup section */
		264880B702AF4A19A5895B32 /* Frameworks */ = {
			isa = PBXGroup;
			children = (
				621296E559E3451FA224BD3A /* libPods.a */,
			);
			name = Frameworks;
			sourceTree = "<group>";
		};
		BF1E23B71972F6E300E05731 = {
			isa = PBXGroup;
			children = (
				BF1E23C21972F6E300E05731 /* RandomUser */,
				BF1E23DC1972F6E300E05731 /* RandomUserTests */,
				BF6B161E1972FE800056EE5B /* CoreDataUtils */,
				9CF0E007A6B446C2AB0CB2D4 /* Pods.xcconfig */,
				264880B702AF4A19A5895B32 /* Frameworks */,
				BF1E23C11972F6E300E05731 /* Products */,
			);
			sourceTree = "<group>";
		};
		BF1E23C11972F6E300E05731 /* Products */ = {
			isa = PBXGroup;
			children = (
				BF1E23C01972F6E300E05731 /* RandomUser.app */,
				BF1E23D91972F6E300E05731 /* RandomUserTests.xctest */,
			);
			name = Products;
			sourceTree = "<group>";
		};
		BF1E23C21972F6E300E05731 /* RandomUser */ = {
			isa = PBXGroup;
			children = (
				BF6B16151972FA280056EE5B /* Model */,
				BF6B16161972FA430056EE5B /* Views */,
				BF6B16171972FA600056EE5B /* ViewControllers */,
				BF1E23C71972F6E300E05731 /* AppDelegate.h */,
				BF1E23C81972F6E300E05731 /* AppDelegate.m */,
				BF1E23D01972F6E300E05731 /* Main.storyboard */,
				BF1E23D31972F6E300E05731 /* Images.xcassets */,
				BF1E23C31972F6E300E05731 /* Supporting Files */,
			);
			path = RandomUser;
			sourceTree = "<group>";
		};
		BF1E23C31972F6E300E05731 /* Supporting Files */ = {
			isa = PBXGroup;
			children = (
				BF1E23C41972F6E300E05731 /* Info.plist */,
				BF1E23C51972F6E300E05731 /* main.m */,
			);
			name = "Supporting Files";
			sourceTree = "<group>";
		};
		BF1E23DC1972F6E300E05731 /* RandomUserTests */ = {
			isa = PBXGroup;
			children = (
				BF1E23DF1972F6E300E05731 /* RandomUserTests.m */,
				BF1E23DD1972F6E300E05731 /* Supporting Files */,
			);
			path = RandomUserTests;
			sourceTree = "<group>";
		};
		BF1E23DD1972F6E300E05731 /* Supporting Files */ = {
			isa = PBXGroup;
			children = (
				BF1E23DE1972F6E300E05731 /* Info.plist */,
			);
			name = "Supporting Files";
			sourceTree = "<group>";
		};
		BF6B16151972FA280056EE5B /* Model */ = {
			isa = PBXGroup;
			children = (
			);
			path = Model;
			sourceTree = "<group>";
		};
		BF6B16161972FA430056EE5B /* Views */ = {
			isa = PBXGroup;
			children = (
			);
			path = Views;
			sourceTree = "<group>";
		};
		BF6B16171972FA600056EE5B /* ViewControllers */ = {
			isa = PBXGroup;
			children = (
				BF6B16181972FA9D0056EE5B /* UserDetailViewController.h */,
				BF6B16191972FA9D0056EE5B /* UserDetailViewController.m */,
				BF6B161A1972FA9D0056EE5B /* UserListViewController.h */,
				BF6B161B1972FA9D0056EE5B /* UserListViewController.m */,
			);
			path = ViewControllers;
			sourceTree = "<group>";
		};
		BF6B161E1972FE800056EE5B /* CoreDataUtils */ = {
			isa = PBXGroup;
			children = (
				BF6B161F1972FF7E0056EE5B /* CoreDataFetcher.h */,
				BF6B16201972FF7E0056EE5B /* CoreDataFetcher.m */,
				BF6B16211972FF7E0056EE5B /* CoreDataHelper.h */,
				BF6B16221972FF7E0056EE5B /* CoreDataHelper.m */,
			);
			path = CoreDataUtils;
			sourceTree = "<group>";
		};
/* End PBXGroup section */

/* Begin PBXNativeTarget section */
		BF1E23BF1972F6E300E05731 /* RandomUser */ = {
			isa = PBXNativeTarget;
			buildConfigurationList = BF1E23E31972F6E300E05731 /* Build configuration list for PBXNativeTarget "RandomUser" */;
			buildPhases = (
				3194F65C5E76489E9984D624 /* Check Pods Manifest.lock */,
				BF1E23BC1972F6E300E05731 /* Sources */,
				BF1E23BD1972F6E300E05731 /* Frameworks */,
				BF1E23BE1972F6E300E05731 /* Resources */,
				14458EEB2BAA4CF68419C1AE /* Copy Pods Resources */,
			);
			buildRules = (
			);
			dependencies = (
			);
			name = RandomUser;
			productName = RandomUser;
			productReference = BF1E23C01972F6E300E05731 /* RandomUser.app */;
			productType = "com.apple.product-type.application";
		};
		BF1E23D81972F6E300E05731 /* RandomUserTests */ = {
			isa = PBXNativeTarget;
			buildConfigurationList = BF1E23E61972F6E300E05731 /* Build configuration list for PBXNativeTarget "RandomUserTests" */;
			buildPhases = (
				BF1E23D51972F6E300E05731 /* Sources */,
				BF1E23D61972F6E300E05731 /* Frameworks */,
				BF1E23D71972F6E300E05731 /* Resources */,
			);
			buildRules = (
			);
			dependencies = (
				BF1E23DB1972F6E300E05731 /* PBXTargetDependency */,
			);
			name = RandomUserTests;
			productName = RandomUserTests;
			productReference = BF1E23D91972F6E300E05731 /* RandomUserTests.xctest */;
			productType = "com.apple.product-type.bundle.unit-test";
		};
/* End PBXNativeTarget section */

/* Begin PBXProject section */
		BF1E23B81972F6E300E05731 /* Project object */ = {
			isa = PBXProject;
			attributes = {
				LastUpgradeCheck = 0600;
				ORGANIZATIONNAME = "Jun Luo";
				TargetAttributes = {
					BF1E23BF1972F6E300E05731 = {
						CreatedOnToolsVersion = 6.0;
					};
					BF1E23D81972F6E300E05731 = {
						CreatedOnToolsVersion = 6.0;
						TestTargetID = BF1E23BF1972F6E300E05731;
					};
				};
			};
			buildConfigurationList = BF1E23BB1972F6E300E05731 /* Build configuration list for PBXProject "RandomUser" */;
			compatibilityVersion = "Xcode 3.2";
			developmentRegion = English;
			hasScannedForEncodings = 0;
			knownRegions = (
				en,
				Base,
			);
			mainGroup = BF1E23B71972F6E300E05731;
			productRefGroup = BF1E23C11972F6E300E05731 /* Products */;
			projectDirPath = "";
			projectRoot = "";
			targets = (
				BF1E23BF1972F6E300E05731 /* RandomUser */,
				BF1E23D81972F6E300E05731 /* RandomUserTests */,
			);
		};
/* End PBXProject section */

/* Begin PBXResourcesBuildPhase section */
		BF1E23BE1972F6E300E05731 /* Resources */ = {
			isa = PBXResourcesBuildPhase;
			buildActionMask = 2147483647;
			files = (
				BF1E23D21972F6E300E05731 /* Main.storyboard in Resources */,
				BF1E23D41972F6E300E05731 /* Images.xcassets in Resources */,
			);
			runOnlyForDeploymentPostprocessing = 0;
		};
		BF1E23D71972F6E300E05731 /* Resources */ = {
			isa = PBXResourcesBuildPhase;
			buildActionMask = 2147483647;
			files = (
			);
			runOnlyForDeploymentPostprocessing = 0;
		};
/* End PBXResourcesBuildPhase section */

/* Begin PBXShellScriptBuildPhase section */
		14458EEB2BAA4CF68419C1AE /* Copy Pods Resources */ = {
			isa = PBXShellScriptBuildPhase;
			buildActionMask = 2147483647;
			files = (
			);
			inputPaths = (
			);
			name = "Copy Pods Resources";
			outputPaths = (
			);
			runOnlyForDeploymentPostprocessing = 0;
			shellPath = /bin/sh;
			shellScript = "\"${SRCROOT}/Pods/Pods-resources.sh\"\n";
			showEnvVarsInLog = 0;
		};
		3194F65C5E76489E9984D624 /* Check Pods Manifest.lock */ = {
			isa = PBXShellScriptBuildPhase;
			buildActionMask = 2147483647;
			files = (
			);
			inputPaths = (
			);
			name = "Check Pods Manifest.lock";
			outputPaths = (
			);
			runOnlyForDeploymentPostprocessing = 0;
			shellPath = /bin/sh;
			shellScript = "diff \"${PODS_ROOT}/../Podfile.lock\" \"${PODS_ROOT}/Manifest.lock\" > /dev/null\nif [[ $? != 0 ]] ; then\n    cat << EOM\nerror: The sandbox is not in sync with the Podfile.lock. Run 'pod install' or update your CocoaPods installation.\nEOM\n    exit 1\nfi\n";
			showEnvVarsInLog = 0;
		};
/* End PBXShellScriptBuildPhase section */

/* Begin PBXSourcesBuildPhase section */
		BF1E23BC1972F6E300E05731 /* Sources */ = {
			isa = PBXSourcesBuildPhase;
			buildActionMask = 2147483647;
			files = (
				BF6B16241972FF7E0056EE5B /* CoreDataHelper.m in Sources */,
				BF6B16231972FF7E0056EE5B /* CoreDataFetcher.m in Sources */,
				BF1E23C91972F6E300E05731 /* AppDelegate.m in Sources */,
				BF6B161D1972FA9D0056EE5B /* UserListViewController.m in Sources */,
				BF6B161C1972FA9D0056EE5B /* UserDetailViewController.m in Sources */,
				BF1E23C61972F6E300E05731 /* main.m in Sources */,
			);
			runOnlyForDeploymentPostprocessing = 0;
		};
		BF1E23D51972F6E300E05731 /* Sources */ = {
			isa = PBXSourcesBuildPhase;
			buildActionMask = 2147483647;
			files = (
				BF1E23E01972F6E300E05731 /* RandomUserTests.m in Sources */,
			);
			runOnlyForDeploymentPostprocessing = 0;
		};
/* End PBXSourcesBuildPhase section */

/* Begin PBXTargetDependency section */
		BF1E23DB1972F6E300E05731 /* PBXTargetDependency */ = {
			isa = PBXTargetDependency;
			target = BF1E23BF1972F6E300E05731 /* RandomUser */;
			targetProxy = BF1E23DA1972F6E300E05731 /* PBXContainerItemProxy */;
		};
/* End PBXTargetDependency section */

/* Begin PBXVariantGroup section */
		BF1E23D01972F6E300E05731 /* Main.storyboard */ = {
			isa = PBXVariantGroup;
			children = (
				BF1E23D11972F6E300E05731 /* Base */,
			);
			name = Main.storyboard;
			sourceTree = "<group>";
		};
/* End PBXVariantGroup section */

/* Begin XCBuildConfiguration section */
		BF1E23E11972F6E300E05731 /* Debug */ = {
			isa = XCBuildConfiguration;
			buildSettings = {
				ALWAYS_SEARCH_USER_PATHS = NO;
				CLANG_CXX_LANGUAGE_STANDARD = "gnu++0x";
				CLANG_CXX_LIBRARY = "libc++";
				CLANG_ENABLE_MODULES = YES;
				CLANG_ENABLE_OBJC_ARC = YES;
				CLANG_WARN_BOOL_CONVERSION = YES;
				CLANG_WARN_CONSTANT_CONVERSION = YES;
				CLANG_WARN_DIRECT_OBJC_ISA_USAGE = YES_ERROR;
				CLANG_WARN_EMPTY_BODY = YES;
				CLANG_WARN_ENUM_CONVERSION = YES;
				CLANG_WARN_INT_CONVERSION = YES;
				CLANG_WARN_OBJC_ROOT_CLASS = YES_ERROR;
				CLANG_WARN_UNREACHABLE_CODE = YES;
				CLANG_WARN__DUPLICATE_METHOD_MATCH = YES;
				"CODE_SIGN_IDENTITY[sdk=iphoneos*]" = "iPhone Developer";
				COPY_PHASE_STRIP = NO;
				ENABLE_STRICT_OBJC_MSGSEND = YES;
				GCC_C_LANGUAGE_STANDARD = gnu99;
				GCC_DYNAMIC_NO_PIC = NO;
				GCC_OPTIMIZATION_LEVEL = 0;
				GCC_PREPROCESSOR_DEFINITIONS = (
					"DEBUG=1",
					"$(inherited)",
				);
				GCC_SYMBOLS_PRIVATE_EXTERN = NO;
				GCC_WARN_64_TO_32_BIT_CONVERSION = YES;
				GCC_WARN_ABOUT_RETURN_TYPE = YES_ERROR;
				GCC_WARN_UNDECLARED_SELECTOR = YES;
				GCC_WARN_UNINITIALIZED_AUTOS = YES_AGGRESSIVE;
				GCC_WARN_UNUSED_FUNCTION = YES;
				GCC_WARN_UNUSED_VARIABLE = YES;
				IPHONEOS_DEPLOYMENT_TARGET = 8.0;
				MTL_ENABLE_DEBUG_INFO = YES;
				ONLY_ACTIVE_ARCH = YES;
				SDKROOT = iphoneos;
				TARGETED_DEVICE_FAMILY = "1,2";
			};
			name = Debug;
		};
		BF1E23E21972F6E300E05731 /* Release */ = {
			isa = XCBuildConfiguration;
			buildSettings = {
				ALWAYS_SEARCH_USER_PATHS = NO;
				CLANG_CXX_LANGUAGE_STANDARD = "gnu++0x";
				CLANG_CXX_LIBRARY = "libc++";
				CLANG_ENABLE_MODULES = YES;
				CLANG_ENABLE_OBJC_ARC = YES;
				CLANG_WARN_BOOL_CONVERSION = YES;
				CLANG_WARN_CONSTANT_CONVERSION = YES;
				CLANG_WARN_DIRECT_OBJC_ISA_USAGE = YES_ERROR;
				CLANG_WARN_EMPTY_BODY = YES;
				CLANG_WARN_ENUM_CONVERSION = YES;
				CLANG_WARN_INT_CONVERSION = YES;
				CLANG_WARN_OBJC_ROOT_CLASS = YES_ERROR;
				CLANG_WARN_UNREACHABLE_CODE = YES;
				CLANG_WARN__DUPLICATE_METHOD_MATCH = YES;
				"CODE_SIGN_IDENTITY[sdk=iphoneos*]" = "iPhone Developer";
				COPY_PHASE_STRIP = YES;
				ENABLE_NS_ASSERTIONS = NO;
				ENABLE_STRICT_OBJC_MSGSEND = YES;
				GCC_C_LANGUAGE_STANDARD = gnu99;
				GCC_WARN_64_TO_32_BIT_CONVERSION = YES;
				GCC_WARN_ABOUT_RETURN_TYPE = YES_ERROR;
				GCC_WARN_UNDECLARED_SELECTOR = YES;
				GCC_WARN_UNINITIALIZED_AUTOS = YES_AGGRESSIVE;
				GCC_WARN_UNUSED_FUNCTION = YES;
				GCC_WARN_UNUSED_VARIABLE = YES;
				IPHONEOS_DEPLOYMENT_TARGET = 8.0;
				MTL_ENABLE_DEBUG_INFO = NO;
				SDKROOT = iphoneos;
				TARGETED_DEVICE_FAMILY = "1,2";
				VALIDATE_PRODUCT = YES;
			};
			name = Release;
		};
		BF1E23E41972F6E300E05731 /* Debug */ = {
			isa = XCBuildConfiguration;
			baseConfigurationReference = 9CF0E007A6B446C2AB0CB2D4 /* Pods.xcconfig */;
			buildSettings = {
				ASSETCATALOG_COMPILER_APPICON_NAME = AppIcon;
				ASSETCATALOG_COMPILER_LAUNCHIMAGE_NAME = LaunchImage;
				INFOPLIST_FILE = RandomUser/Info.plist;
				LD_RUNPATH_SEARCH_PATHS = "$(inherited) @executable_path/Frameworks";
				PRODUCT_NAME = "$(TARGET_NAME)";
			};
			name = Debug;
		};
		BF1E23E51972F6E300E05731 /* Release */ = {
			isa = XCBuildConfiguration;
			baseConfigurationReference = 9CF0E007A6B446C2AB0CB2D4 /* Pods.xcconfig */;
			buildSettings = {
				ASSETCATALOG_COMPILER_APPICON_NAME = AppIcon;
				ASSETCATALOG_COMPILER_LAUNCHIMAGE_NAME = LaunchImage;
				INFOPLIST_FILE = RandomUser/Info.plist;
				LD_RUNPATH_SEARCH_PATHS = "$(inherited) @executable_path/Frameworks";
				PRODUCT_NAME = "$(TARGET_NAME)";
			};
			name = Release;
		};
		BF1E23E71972F6E300E05731 /* Debug */ = {
			isa = XCBuildConfiguration;
			buildSettings = {
				BUNDLE_LOADER = "$(BUILT_PRODUCTS_DIR)/RandomUser.app/RandomUser";
				FRAMEWORK_SEARCH_PATHS = (
					"$(SDKROOT)/Developer/Library/Frameworks",
					"$(inherited)",
				);
				GCC_PREPROCESSOR_DEFINITIONS = (
					"DEBUG=1",
					"$(inherited)",
				);
				INFOPLIST_FILE = RandomUserTests/Info.plist;
				LD_RUNPATH_SEARCH_PATHS = "$(inherited) @executable_path/Frameworks @loader_path/Frameworks";
				PRODUCT_NAME = "$(TARGET_NAME)";
				TEST_HOST = "$(BUNDLE_LOADER)";
			};
			name = Debug;
		};
		BF1E23E81972F6E300E05731 /* Release */ = {
			isa = XCBuildConfiguration;
			buildSettings = {
				BUNDLE_LOADER = "$(BUILT_PRODUCTS_DIR)/RandomUser.app/RandomUser";
				FRAMEWORK_SEARCH_PATHS = (
					"$(SDKROOT)/Developer/Library/Frameworks",
					"$(inherited)",
				);
				INFOPLIST_FILE = RandomUserTests/Info.plist;
				LD_RUNPATH_SEARCH_PATHS = "$(inherited) @executable_path/Frameworks @loader_path/Frameworks";
				PRODUCT_NAME = "$(TARGET_NAME)";
				TEST_HOST = "$(BUNDLE_LOADER)";
			};
			name = Release;
		};
/* End XCBuildConfiguration section */

/* Begin XCConfigurationList section */
		BF1E23BB1972F6E300E05731 /* Build configuration list for PBXProject "RandomUser" */ = {
			isa = XCConfigurationList;
			buildConfigurations = (
				BF1E23E11972F6E300E05731 /* Debug */,
				BF1E23E21972F6E300E05731 /* Release */,
			);
			defaultConfigurationIsVisible = 0;
			defaultConfigurationName = Release;
		};
		BF1E23E31972F6E300E05731 /* Build configuration list for PBXNativeTarget "RandomUser" */ = {
			isa = XCConfigurationList;
			buildConfigurations = (
				BF1E23E41972F6E300E05731 /* Debug */,
				BF1E23E51972F6E300E05731 /* Release */,
			);
			defaultConfigurationIsVisible = 0;
			defaultConfigurationName = Release;
		};
		BF1E23E61972F6E300E05731 /* Build configuration list for PBXNativeTarget "RandomUserTests" */ = {
			isa = XCConfigurationList;
			buildConfigurations = (
				BF1E23E71972F6E300E05731 /* Debug */,
				BF1E23E81972F6E300E05731 /* Release */,
			);
			defaultConfigurationIsVisible = 0;
			defaultConfigurationName = Release;
		};
/* End XCConfigurationList section */
	};
	rootObject = BF1E23B81972F6E300E05731 /* Project object */;
}
